
Microsoft Visual Studio Solution File, Format Version 12.00
# Visual Studio Version 17
VisualStudioVersion = 17.8.34309.116
MinimumVisualStudioVersion = 10.0.40219.1
Project("{FAE04EC0-301F-11D3-BF4B-00C04F79EFBC}") = "WpfNotifyIconExample", "WpfNotifyIconExample\WpfNotifyIconExample.csproj", "{3B274644-F0D6-4B7B-BF5F-1443B2C0DC9C}"
EndProject
Global
	GlobalSection(SolutionConfigurationPlatforms) = preSolution
		Debug|Any CPU = Debug|Any CPU
		Release|Any CPU = Release|Any CPU
	EndGlobalSection
	GlobalSection(ProjectConfigurationPlatforms) = postSolution
		{3B274644-F0D6-4B7B-BF5F-1443B2C0DC9C}.Debug|Any CPU.ActiveCfg = Debug|Any CPU
		{3B274644-F0D6-4B7B-BF5F-1443B2C0DC9C}.Debug|Any CPU.Build.0 = Debug|Any CPU
		{3B274644-F0D6-4B7B-BF5F-1443B2C0DC9C}.Release|Any CPU.ActiveCfg = Release|Any CPU
		{3B274644-F0D6-4B7B-BF5F-1443B2C0DC9C}.Release|Any CPU.Build.0 = Release|Any CPU
	EndGlobalSection
	GlobalSection(SolutionProperties) = preSolution
		HideSolutionNode = FALSE
	EndGlobalSection
	GlobalSection(ExtensibilityGlobals) = postSolution
		SolutionGuid = {06092012-AF1D-49FF-8055-C0E19B343FCF}
	EndGlobalSection
EndGlobal
